PODS:
  - AFNetworking (1.3.2)
  - Base64 (1.0.1)
  - DTCoreText (1.6.3):
    - DTFoundation/Core (~> 1.5.1)
    - DTFoundation/DTHTMLParser (~> 1.5.1)
    - DTFoundation/UIKit (~> 1.5.1)
  - DTFoundation/Core (1.5.2)
  - DTFoundation/DTHTMLParser (1.5.2):
    - DTFoundation/Core
  - DTFoundation/UIKit (1.5.2):
    - DTFoundation/Core
  - JWT (1.0.3):
    - Base64 (~> 1.0.1)
  - NSString-Hashes (1.2.0)
  - StreamHub-iOS-SDK (0.2.0):
    - AFNetworking (~> 1.3.2)
    - Base64 (~> 1.0.1)
    - JWT (~> 1.0.3)
    - NSString-Hashes (~> 1.2.0)
    - StreamHub-iOS-SDK/arc
    - StreamHub-iOS-SDK/no-arc
  - StreamHub-iOS-SDK/arc (0.2.0):
    - AFNetworking (~> 1.3.2)
    - Base64 (~> 1.0.1)
    - JWT (~> 1.0.3)
    - NSString-Hashes (~> 1.2.0)
  - StreamHub-iOS-SDK/no-arc (0.2.0):
    - AFNetworking (~> 1.3.2)
    - Base64 (~> 1.0.1)
    - JWT (~> 1.0.3)
    - NSString-Hashes (~> 1.2.0)

DEPENDENCIES:
  - DTCoreText (~> 1.6.3)
  - StreamHub-iOS-SDK (from `../../`)

EXTERNAL SOURCES:
  StreamHub-iOS-SDK:
    :path: ../../

SPEC CHECKSUMS:
  AFNetworking: 7f9bcd7c287a75476cd5c61e82fd3380e93e4c54
  Base64: eaac9f2088ba659c5db1db960576eb0f2969ebaf
  DTCoreText: a864bedf1a8ca3c1d6704567a94d03f65ad64a7c
  DTFoundation: 6138b5437df0217bbeba2b5cec89d5e95cf7f0e8
  JWT: 5bc7a20f8f8dad756f9b5c171dfeef84c1e2de87
  NSString-Hashes: 77e62659072e6e93c39f19652e49e64442ec6efc
  StreamHub-iOS-SDK: c6ae46a122b5af6cf107dde1d3cc4c8e057cb710

COCOAPODS: 0.23.0
